
Microsoft Visual Studio Solution File, Format Version 12.00
Project("{FAE04EC0-301F-11D3-BF4B-00C04F79EFBC}") = "DSl2Methods", "DSl2Methods\DSl2Methods.csproj", "{9FE53591-E1C2-414D-84CB-983BB64110ED}"
EndProject
Global
	GlobalSection(SolutionConfigurationPlatforms) = preSolution
		Debug|Any CPU = Debug|Any CPU
		Release|Any CPU = Release|Any CPU
	EndGlobalSection
	GlobalSection(ProjectConfigurationPlatforms) = postSolution
		{9FE53591-E1C2-414D-84CB-983BB64110ED}.Debug|Any CPU.ActiveCfg = Debug|Any CPU
		{9FE53591-E1C2-414D-84CB-983BB64110ED}.Debug|Any CPU.Build.0 = Debug|Any CPU
		{9FE53591-E1C2-414D-84CB-983BB64110ED}.Release|Any CPU.ActiveCfg = Release|Any CPU
		{9FE53591-E1C2-414D-84CB-983BB64110ED}.Release|Any CPU.Build.0 = Release|Any CPU
	EndGlobalSection
EndGlobal
